
Microsoft Visual Studio Solution File, Format Version 12.00
# Visual Studio Version 17
VisualStudioVersion = 17.11.35312.102
MinimumVisualStudioVersion = 10.0.40219.1
Project("{FAE04EC0-301F-11D3-BF4B-00C04F79EFBC}") = "BookTok.API", "BookTok.API\BookTok.API.csproj", "{583335AF-7613-40E4-8E7B-E46847492EA6}"
EndProject
Global
	GlobalSection(SolutionConfigurationPlatforms) = preSolution
		Debug|Any CPU = Debug|Any CPU
		Release|Any CPU = Release|Any CPU
	EndGlobalSection
	GlobalSection(ProjectConfigurationPlatforms) = postSolution
		{583335AF-7613-40E4-8E7B-E46847492EA6}.Debug|Any CPU.ActiveCfg = Debug|Any CPU
		{583335AF-7613-40E4-8E7B-E46847492EA6}.Debug|Any CPU.Build.0 = Debug|Any CPU
		{583335AF-7613-40E4-8E7B-E46847492EA6}.Release|Any CPU.ActiveCfg = Release|Any CPU
		{583335AF-7613-40E4-8E7B-E46847492EA6}.Release|Any CPU.Build.0 = Release|Any CPU
	EndGlobalSection
	GlobalSection(SolutionProperties) = preSolution
		HideSolutionNode = FALSE
	EndGlobalSection
	GlobalSection(ExtensibilityGlobals) = postSolution
		SolutionGuid = {1BD92053-84E5-4739-8234-5247ADEB9990}
	EndGlobalSection
EndGlobal
